Microsoft Visual Studio Solution File, Format Version 12.00
# Visual Studio 15
VisualStudioVersion = 15.0.27130.2027
MinimumVisualStudioVersion = 15.0.26124.0
Project("{9A19103F-16F7-4668-BE54-9A1E7A4F7556}") = "BlazorTest.Shared", "BlazorTest.Shared\BlazorTest.Shared.csproj", "{06B45445-1D6A-47A7-BAA8-F3D42E613D85}"
EndProject
Project("{9A19103F-16F7-4668-BE54-9A1E7A4F7556}") = "BlazorTest.Client", "BlazorTest.Client\BlazorTest.Client.csproj", "{4C14640D-FB84-45B2-A8B8-2EF8E1714AD9}"
EndProject
Project("{9A19103F-16F7-4668-BE54-9A1E7A4F7556}") = "BlazorTest.Server", "BlazorTest.Server\BlazorTest.Server.csproj", "{4A3FD3D9-E3B6-467F-AE22-AA6A206636B0}"
EndProject
Project("{9A19103F-16F7-4668-BE54-9A1E7A4F7556}") = "BlazorTest.Library", "BlazorTest.Library\BlazorTest.Library.csproj", "{207D5D2C-FA0F-44DA-A909-C27C5418B18F}"
EndProject
Global
	GlobalSection(SolutionConfigurationPlatforms) = preSolution
		Debug|Any CPU = Debug|Any CPU
		Release|Any CPU = Release|Any CPU
	EndGlobalSection
	GlobalSection(ProjectConfigurationPlatforms) = postSolution
		{06B45445-1D6A-47A7-BAA8-F3D42E613D85}.Debug|Any CPU.ActiveCfg = Debug|Any CPU
		{06B45445-1D6A-47A7-BAA8-F3D42E613D85}.Debug|Any CPU.Build.0 = Debug|Any CPU
		{06B45445-1D6A-47A7-BAA8-F3D42E613D85}.Release|Any CPU.ActiveCfg = Release|Any CPU
		{06B45445-1D6A-47A7-BAA8-F3D42E613D85}.Release|Any CPU.Build.0 = Release|Any CPU
		{4C14640D-FB84-45B2-A8B8-2EF8E1714AD9}.Debug|Any CPU.ActiveCfg = Debug|Any CPU
		{4C14640D-FB84-45B2-A8B8-2EF8E1714AD9}.Debug|Any CPU.Build.0 = Debug|Any CPU
		{4C14640D-FB84-45B2-A8B8-2EF8E1714AD9}.Release|Any CPU.ActiveCfg = Release|Any CPU
		{4C14640D-FB84-45B2-A8B8-2EF8E1714AD9}.Release|Any CPU.Build.0 = Release|Any CPU
		{4A3FD3D9-E3B6-467F-AE22-AA6A206636B0}.Debug|Any CPU.ActiveCfg = Debug|Any CPU
		{4A3FD3D9-E3B6-467F-AE22-AA6A206636B0}.Debug|Any CPU.Build.0 = Debug|Any CPU
		{4A3FD3D9-E3B6-467F-AE22-AA6A206636B0}.Release|Any CPU.ActiveCfg = Release|Any CPU
		{4A3FD3D9-E3B6-467F-AE22-AA6A206636B0}.Release|Any CPU.Build.0 = Release|Any CPU
		{207D5D2C-FA0F-44DA-A909-C27C5418B18F}.Debug|Any CPU.ActiveCfg = Debug|Any CPU
		{207D5D2C-FA0F-44DA-A909-C27C5418B18F}.Debug|Any CPU.Build.0 = Debug|Any CPU
		{207D5D2C-FA0F-44DA-A909-C27C5418B18F}.Release|Any CPU.ActiveCfg = Release|Any CPU
		{207D5D2C-FA0F-44DA-A909-C27C5418B18F}.Release|Any CPU.Build.0 = Release|Any CPU
	EndGlobalSection
	GlobalSection(SolutionProperties) = preSolution
		HideSolutionNode = FALSE
	EndGlobalSection
	GlobalSection(ExtensibilityGlobals) = postSolution
		SolutionGuid = {0121D881-6A9A-47D3-B504-FD33EB98E3EF}
	EndGlobalSection
EndGlobal
